
Microsoft Visual Studio Solution File, Format Version 12.00
# Visual Studio Version 17
VisualStudioVersion = 17.6.33815.320
MinimumVisualStudioVersion = 10.0.40219.1
Project("{9A19103F-16F7-4668-BE54-9A1E7A4F7556}") = "DistributedSystem.Process", "DistributedSystem.Process.csproj", "{C416F6EC-1A3E-4883-A9DD-00476FE27FC4}"
EndProject
Global
	GlobalSection(SolutionConfigurationPlatforms) = preSolution
		Debug|Any CPU = Debug|Any CPU
		Release|Any CPU = Release|Any CPU
	EndGlobalSection
	GlobalSection(ProjectConfigurationPlatforms) = postSolution
		{C416F6EC-1A3E-4883-A9DD-00476FE27FC4}.Debug|Any CPU.ActiveCfg = Debug|Any CPU
		{C416F6EC-1A3E-4883-A9DD-00476FE27FC4}.Debug|Any CPU.Build.0 = Debug|Any CPU
		{C416F6EC-1A3E-4883-A9DD-00476FE27FC4}.Release|Any CPU.ActiveCfg = Release|Any CPU
		{C416F6EC-1A3E-4883-A9DD-00476FE27FC4}.Release|Any CPU.Build.0 = Release|Any CPU
	EndGlobalSection
	GlobalSection(SolutionProperties) = preSolution
		HideSolutionNode = FALSE
	EndGlobalSection
	GlobalSection(ExtensibilityGlobals) = postSolution
		SolutionGuid = {6A854DB8-BF28-4CA2-97C9-2F7D0B5E9208}
	EndGlobalSection
EndGlobal
